
Microsoft Visual Studio Solution File, Format Version 12.00
# Visual Studio Version 17
VisualStudioVersion = 17.13.35806.99
MinimumVisualStudioVersion = 10.0.40219.1
Project("{2150E333-8FDC-42A3-9474-1A3956D46DE8}") = "2-Application", "2-Application", "{E2F124BD-423C-448A-8C7F-69D26F9D371B}"
EndProject
Project("{2150E333-8FDC-42A3-9474-1A3956D46DE8}") = "4-Infrastructure", "4-Infrastructure", "{05787808-A12B-4B9F-9DC2-AD76A595E6B9}"
EndProject
Project("{FAE04EC0-301F-11D3-BF4B-00C04F79EFBC}") = "ProTemplateX.Data", "ProTemplateX.Data\ProTemplateX.Data.csproj", "{CA9C34E1-47C9-4D56-ACD3-5A2C4B2A8E1E}"
EndProject
Project("{2150E333-8FDC-42A3-9474-1A3956D46DE8}") = "1-Presentation", "1-Presentation", "{239ACCC2-98B4-42DB-A0CE-5D52E7B22481}"
EndProject
Project("{FAE04EC0-301F-11D3-BF4B-00C04F79EFBC}") = "ProTemplateX.MVC", "ProTemplateX.MVC\ProTemplateX.MVC.csproj", "{ABB84395-D0A7-43F7-B61E-2F7E3997DBBA}"
EndProject
Project("{FAE04EC0-301F-11D3-BF4B-00C04F79EFBC}") = "ProTemplateX.Domain", "ProTemplateX.Domain\ProTemplateX.Domain.csproj", "{E58D97B2-ED69-9EDF-56D9-1EF3C7C9BEB7}"
EndProject
Project("{2150E333-8FDC-42A3-9474-1A3956D46DE8}") = "3-Domain", "3-Domain", "{61D6FA1C-4BAE-432B-B94F-EF8D6344667A}"
EndProject
Project("{2150E333-8FDC-42A3-9474-1A3956D46DE8}") = "ProTemplateX.Web", "ProTemplateX.Web", "{5A9FEF43-B5CC-4900-9DCD-10A11BCB1963}"
EndProject
Project("{2150E333-8FDC-42A3-9474-1A3956D46DE8}") = "ProTemplateX.API", "ProTemplateX.API", "{20E83F8A-6B98-48B7-8F57-F308CD422CC1}"
EndProject
Project("{FAE04EC0-301F-11D3-BF4B-00C04F79EFBC}") = "ProTemplateX.Application", "ProTemplateX.Application\ProTemplateX.Application.csproj", "{5A2BCD1C-BB50-4BEA-A2BE-319306566A2D}"
EndProject
Project("{FAE04EC0-301F-11D3-BF4B-00C04F79EFBC}") = "ProTemplateX.WebAPI", "ProTemplateX.WebAPI\ProTemplateX.WebAPI.csproj", "{3DD214BF-D2E1-603E-E950-70419BE6CA15}"
EndProject
Global
	GlobalSection(SolutionConfigurationPlatforms) = preSolution
		Debug|Any CPU = Debug|Any CPU
		Release|Any CPU = Release|Any CPU
	EndGlobalSection
	GlobalSection(ProjectConfigurationPlatforms) = postSolution
		{CA9C34E1-47C9-4D56-ACD3-5A2C4B2A8E1E}.Debug|Any CPU.ActiveCfg = Debug|Any CPU
		{CA9C34E1-47C9-4D56-ACD3-5A2C4B2A8E1E}.Debug|Any CPU.Build.0 = Debug|Any CPU
		{CA9C34E1-47C9-4D56-ACD3-5A2C4B2A8E1E}.Release|Any CPU.ActiveCfg = Release|Any CPU
		{CA9C34E1-47C9-4D56-ACD3-5A2C4B2A8E1E}.Release|Any CPU.Build.0 = Release|Any CPU
		{ABB84395-D0A7-43F7-B61E-2F7E3997DBBA}.Debug|Any CPU.ActiveCfg = Debug|Any CPU
		{ABB84395-D0A7-43F7-B61E-2F7E3997DBBA}.Debug|Any CPU.Build.0 = Debug|Any CPU
		{ABB84395-D0A7-43F7-B61E-2F7E3997DBBA}.Release|Any CPU.ActiveCfg = Release|Any CPU
		{ABB84395-D0A7-43F7-B61E-2F7E3997DBBA}.Release|Any CPU.Build.0 = Release|Any CPU
		{E58D97B2-ED69-9EDF-56D9-1EF3C7C9BEB7}.Debug|Any CPU.ActiveCfg = Debug|Any CPU
		{E58D97B2-ED69-9EDF-56D9-1EF3C7C9BEB7}.Debug|Any CPU.Build.0 = Debug|Any CPU
		{E58D97B2-ED69-9EDF-56D9-1EF3C7C9BEB7}.Release|Any CPU.ActiveCfg = Release|Any CPU
		{E58D97B2-ED69-9EDF-56D9-1EF3C7C9BEB7}.Release|Any CPU.Build.0 = Release|Any CPU
		{5A2BCD1C-BB50-4BEA-A2BE-319306566A2D}.Debug|Any CPU.ActiveCfg = Debug|Any CPU
		{5A2BCD1C-BB50-4BEA-A2BE-319306566A2D}.Debug|Any CPU.Build.0 = Debug|Any CPU
		{5A2BCD1C-BB50-4BEA-A2BE-319306566A2D}.Release|Any CPU.ActiveCfg = Release|Any CPU
		{5A2BCD1C-BB50-4BEA-A2BE-319306566A2D}.Release|Any CPU.Build.0 = Release|Any CPU
		{3DD214BF-D2E1-603E-E950-70419BE6CA15}.Debug|Any CPU.ActiveCfg = Debug|Any CPU
		{3DD214BF-D2E1-603E-E950-70419BE6CA15}.Debug|Any CPU.Build.0 = Debug|Any CPU
		{3DD214BF-D2E1-603E-E950-70419BE6CA15}.Release|Any CPU.ActiveCfg = Release|Any CPU
		{3DD214BF-D2E1-603E-E950-70419BE6CA15}.Release|Any CPU.Build.0 = Release|Any CPU
	EndGlobalSection
	GlobalSection(SolutionProperties) = preSolution
		HideSolutionNode = FALSE
	EndGlobalSection
	GlobalSection(NestedProjects) = preSolution
		{CA9C34E1-47C9-4D56-ACD3-5A2C4B2A8E1E} = {05787808-A12B-4B9F-9DC2-AD76A595E6B9}
		{ABB84395-D0A7-43F7-B61E-2F7E3997DBBA} = {5A9FEF43-B5CC-4900-9DCD-10A11BCB1963}
		{E58D97B2-ED69-9EDF-56D9-1EF3C7C9BEB7} = {61D6FA1C-4BAE-432B-B94F-EF8D6344667A}
		{5A9FEF43-B5CC-4900-9DCD-10A11BCB1963} = {239ACCC2-98B4-42DB-A0CE-5D52E7B22481}
		{20E83F8A-6B98-48B7-8F57-F308CD422CC1} = {239ACCC2-98B4-42DB-A0CE-5D52E7B22481}
		{5A2BCD1C-BB50-4BEA-A2BE-319306566A2D} = {E2F124BD-423C-448A-8C7F-69D26F9D371B}
		{3DD214BF-D2E1-603E-E950-70419BE6CA15} = {20E83F8A-6B98-48B7-8F57-F308CD422CC1}
	EndGlobalSection
	GlobalSection(ExtensibilityGlobals) = postSolution
		SolutionGuid = {7AFE4A77-D4C3-451E-8153-6F3756DF711C}
	EndGlobalSection
EndGlobal
