
Microsoft Visual Studio Solution File, Format Version 12.00
# Visual Studio Version 17
VisualStudioVersion = 17.13.35806.99
MinimumVisualStudioVersion = 10.0.40219.1
Project("{2150E333-8FDC-42A3-9474-1A3956D46DE8}") = "1-WebAPI", "1-WebAPI", "{02EA681E-C7D8-13C7-8484-4AC65E1B71E8}"
EndProject
Project("{2150E333-8FDC-42A3-9474-1A3956D46DE8}") = "3-Application", "3-Application", "{E2F124BD-423C-448A-8C7F-69D26F9D371B}"
EndProject
Project("{2150E333-8FDC-42A3-9474-1A3956D46DE8}") = "4-Infra-Domain", "4-Infra-Domain", "{05787808-A12B-4B9F-9DC2-AD76A595E6B9}"
EndProject
Project("{FAE04EC0-301F-11D3-BF4B-00C04F79EFBC}") = "ProTemplateX.WebAPI", "ProTemplateX\ProTemplateX.WebAPI.csproj", "{A4E2EFFD-4324-4056-95B7-EB84BF44B35B}"
EndProject
Project("{FAE04EC0-301F-11D3-BF4B-00C04F79EFBC}") = "ProTemplateX.Data", "ProTemplateX.Data\ProTemplateX.Data.csproj", "{CA9C34E1-47C9-4D56-ACD3-5A2C4B2A8E1E}"
EndProject
Project("{2150E333-8FDC-42A3-9474-1A3956D46DE8}") = "2-Frontend", "2-Frontend", "{239ACCC2-98B4-42DB-A0CE-5D52E7B22481}"
EndProject
Project("{FAE04EC0-301F-11D3-BF4B-00C04F79EFBC}") = "ProTemplateX.MVC", "ProTemplateX.MVC\ProTemplateX.MVC.csproj", "{ABB84395-D0A7-43F7-B61E-2F7E3997DBBA}"
EndProject
Global
	GlobalSection(SolutionConfigurationPlatforms) = preSolution
		Debug|Any CPU = Debug|Any CPU
		Release|Any CPU = Release|Any CPU
	EndGlobalSection
	GlobalSection(ProjectConfigurationPlatforms) = postSolution
		{A4E2EFFD-4324-4056-95B7-EB84BF44B35B}.Debug|Any CPU.ActiveCfg = Debug|Any CPU
		{A4E2EFFD-4324-4056-95B7-EB84BF44B35B}.Debug|Any CPU.Build.0 = Debug|Any CPU
		{A4E2EFFD-4324-4056-95B7-EB84BF44B35B}.Release|Any CPU.ActiveCfg = Release|Any CPU
		{A4E2EFFD-4324-4056-95B7-EB84BF44B35B}.Release|Any CPU.Build.0 = Release|Any CPU
		{CA9C34E1-47C9-4D56-ACD3-5A2C4B2A8E1E}.Debug|Any CPU.ActiveCfg = Debug|Any CPU
		{CA9C34E1-47C9-4D56-ACD3-5A2C4B2A8E1E}.Debug|Any CPU.Build.0 = Debug|Any CPU
		{CA9C34E1-47C9-4D56-ACD3-5A2C4B2A8E1E}.Release|Any CPU.ActiveCfg = Release|Any CPU
		{CA9C34E1-47C9-4D56-ACD3-5A2C4B2A8E1E}.Release|Any CPU.Build.0 = Release|Any CPU
		{ABB84395-D0A7-43F7-B61E-2F7E3997DBBA}.Debug|Any CPU.ActiveCfg = Debug|Any CPU
		{ABB84395-D0A7-43F7-B61E-2F7E3997DBBA}.Debug|Any CPU.Build.0 = Debug|Any CPU
		{ABB84395-D0A7-43F7-B61E-2F7E3997DBBA}.Release|Any CPU.ActiveCfg = Release|Any CPU
		{ABB84395-D0A7-43F7-B61E-2F7E3997DBBA}.Release|Any CPU.Build.0 = Release|Any CPU
	EndGlobalSection
	GlobalSection(SolutionProperties) = preSolution
		HideSolutionNode = FALSE
	EndGlobalSection
	GlobalSection(NestedProjects) = preSolution
		{A4E2EFFD-4324-4056-95B7-EB84BF44B35B} = {02EA681E-C7D8-13C7-8484-4AC65E1B71E8}
		{CA9C34E1-47C9-4D56-ACD3-5A2C4B2A8E1E} = {05787808-A12B-4B9F-9DC2-AD76A595E6B9}
		{ABB84395-D0A7-43F7-B61E-2F7E3997DBBA} = {239ACCC2-98B4-42DB-A0CE-5D52E7B22481}
	EndGlobalSection
	GlobalSection(ExtensibilityGlobals) = postSolution
		SolutionGuid = {7AFE4A77-D4C3-451E-8153-6F3756DF711C}
	EndGlobalSection
EndGlobal
